<?xml version="1.0" encoding="utf-8"?>
<Project ToolsVersion="4.0" xmlns="http://schemas.microsoft.com/developer/msbuild/2003">
  <ItemGroup>
    <Filter Include="源文件">
      <UniqueIdentifier>{4FC737F1-C7A5-4376-A066-2A32D752A2FF}</UniqueIdentifier>
      <Extensions>cpp;c;cc;cxx;def;odl;idl;hpj;bat;asm;asmx</Extensions>
    </Filter>
    <Filter Include="头文件">
      <UniqueIdentifier>{93995380-89BD-4b04-88EB-625FBE52EBFB}</UniqueIdentifier>
      <Extensions>h;hh;hpp;hxx;hm;inl;inc;xsd</Extensions>
    </Filter>
    <Filter Include="资源文件">
      <UniqueIdentifier>{67DA6AB6-F800-4c08-8B7A-83BB121AAD01}</UniqueIdentifier>
      <Extensions>rc;ico;cur;bmp;dlg;rc2;rct;bin;rgs;gif;jpg;jpeg;jpe;resx;tiff;tif;png;wav;mfcribbon-ms</Extensions>
    </Filter>
  </ItemGroup>
  <ItemGroup>
    <ClCompile Include="5.1_simply_statement.cpp">
      <Filter>源文件</Filter>
    </ClCompile>
    <ClCompile Include="prac_5.3.cpp">
      <Filter>源文件</Filter>
    </ClCompile>
    <ClCompile Include="5.2_statement_scope.cpp">
      <Filter>源文件</Filter>
    </ClCompile>
    <ClCompile Include="prac_5.4.cpp">
      <Filter>源文件</Filter>
    </ClCompile>
    <ClCompile Include="5.3.1_if_statement.cpp">
      <Filter>源文件</Filter>
    </ClCompile>
    <ClCompile Include="prac_5.5.cpp">
      <Filter>源文件</Filter>
    </ClCompile>
    <ClCompile Include="prac_5.6.cpp">
      <Filter>源文件</Filter>
    </ClCompile>
    <ClCompile Include="prac_5.7.cpp">
      <Filter>源文件</Filter>
    </ClCompile>
    <ClCompile Include="5.3.2_switch.cpp">
      <Filter>源文件</Filter>
    </ClCompile>
    <ClCompile Include="prac_5.9.cpp">
      <Filter>源文件</Filter>
    </ClCompile>
    <ClCompile Include="prac_5.10.cpp">
      <Filter>源文件</Filter>
    </ClCompile>
    <ClCompile Include="prac_511.cpp">
      <Filter>源文件</Filter>
    </ClCompile>
    <ClCompile Include="prac_5.12.cpp">
      <Filter>源文件</Filter>
    </ClCompile>
    <ClCompile Include="prac_5.13.cpp">
      <Filter>源文件</Filter>
    </ClCompile>
    <ClCompile Include="5.4.1_while.cpp">
      <Filter>源文件</Filter>
    </ClCompile>
    <ClCompile Include="prac_5.14.cpp">
      <Filter>源文件</Filter>
    </ClCompile>
    <ClCompile Include="5.4.2_for.cpp">
      <Filter>源文件</Filter>
    </ClCompile>
    <ClCompile Include="prac_5.15.cpp">
      <Filter>源文件</Filter>
    </ClCompile>
    <ClCompile Include="prac_5.16.cpp">
      <Filter>源文件</Filter>
    </ClCompile>
    <ClCompile Include="prac_5.17.cpp">
      <Filter>源文件</Filter>
    </ClCompile>
    <ClCompile Include="5.4.3_range_for_statement.cpp">
      <Filter>源文件</Filter>
    </ClCompile>
    <ClCompile Include="5.5.4_do_while_statement.cpp">
      <Filter>源文件</Filter>
    </ClCompile>
    <ClCompile Include="prac_5.18.cpp">
      <Filter>源文件</Filter>
    </ClCompile>
    <ClCompile Include="prac_5.19.cpp">
      <Filter>源文件</Filter>
    </ClCompile>
    <ClCompile Include="5.5.1_break.cpp">
      <Filter>源文件</Filter>
    </ClCompile>
    <ClCompile Include="prac_5.20.cpp">
      <Filter>源文件</Filter>
    </ClCompile>
    <ClCompile Include="5.5.2_continue.cpp">
      <Filter>源文件</Filter>
    </ClCompile>
    <ClCompile Include="prac_5.21.cpp">
      <Filter>源文件</Filter>
    </ClCompile>
    <ClCompile Include="5.5.3_goto_statement.cpp">
      <Filter>源文件</Filter>
    </ClCompile>
    <ClCompile Include="prac_5.22.cpp">
      <Filter>源文件</Filter>
    </ClCompile>
    <ClCompile Include="5.6.1_throw.cpp">
      <Filter>源文件</Filter>
    </ClCompile>
    <ClCompile Include="5.6.2_try.cpp">
      <Filter>源文件</Filter>
    </ClCompile>
    <ClCompile Include="5.6.3_stdexcept.cpp">
      <Filter>源文件</Filter>
    </ClCompile>
    <ClCompile Include="prac_5.23.cpp">
      <Filter>源文件</Filter>
    </ClCompile>
    <ClCompile Include="prac_5.24.cpp">
      <Filter>源文件</Filter>
    </ClCompile>
  </ItemGroup>
  <ItemGroup>
    <ClInclude Include="Sales_item.h">
      <Filter>头文件</Filter>
    </ClInclude>
  </ItemGroup>
</Project>