<?xml version="1.0" encoding="utf-8"?>
<Project ToolsVersion="4.0" xmlns="http://schemas.microsoft.com/developer/msbuild/2003">
  <ItemGroup>
    <Filter Include="源文件">
      <UniqueIdentifier>{4FC737F1-C7A5-4376-A066-2A32D752A2FF}</UniqueIdentifier>
      <Extensions>cpp;c;cc;cxx;def;odl;idl;hpj;bat;asm;asmx</Extensions>
    </Filter>
    <Filter Include="头文件">
      <UniqueIdentifier>{93995380-89BD-4b04-88EB-625FBE52EBFB}</UniqueIdentifier>
      <Extensions>h;hh;hpp;hxx;hm;inl;inc;xsd</Extensions>
    </Filter>
    <Filter Include="资源文件">
      <UniqueIdentifier>{67DA6AB6-F800-4c08-8B7A-83BB121AAD01}</UniqueIdentifier>
      <Extensions>rc;ico;cur;bmp;dlg;rc2;rct;bin;rgs;gif;jpg;jpeg;jpe;resx;tiff;tif;png;wav;mfcribbon-ms</Extensions>
    </Filter>
  </ItemGroup>
  <ItemGroup>
    <ClCompile Include="6.1_basic_of_function.cpp">
      <Filter>源文件</Filter>
    </ClCompile>
    <ClCompile Include="prac_6.1.cpp">
      <Filter>源文件</Filter>
    </ClCompile>
    <ClCompile Include="prac_6.2.cpp">
      <Filter>源文件</Filter>
    </ClCompile>
    <ClCompile Include="prac_6.3.cpp">
      <Filter>源文件</Filter>
    </ClCompile>
    <ClCompile Include="prac_6.5.cpp">
      <Filter>源文件</Filter>
    </ClCompile>
    <ClCompile Include="6.1.1_local_object.cpp">
      <Filter>源文件</Filter>
    </ClCompile>
    <ClCompile Include="prac_6.6.cpp">
      <Filter>源文件</Filter>
    </ClCompile>
    <ClCompile Include="prac_6.7.cpp">
      <Filter>源文件</Filter>
    </ClCompile>
    <ClCompile Include="6.1.2_function_prototype.cpp">
      <Filter>源文件</Filter>
    </ClCompile>
    <ClCompile Include="6.1.3_fact.cpp">
      <Filter>源文件</Filter>
    </ClCompile>
    <ClCompile Include="6.1.3_factMain.cpp">
      <Filter>源文件</Filter>
    </ClCompile>
    <ClCompile Include="6.2.1_passed_by_value.cpp">
      <Filter>源文件</Filter>
    </ClCompile>
    <ClCompile Include="prac_6.10.cpp">
      <Filter>源文件</Filter>
    </ClCompile>
    <ClCompile Include="6.2.2_passed_by_reference.cpp">
      <Filter>源文件</Filter>
    </ClCompile>
    <ClCompile Include="prac_6.11.cpp">
      <Filter>源文件</Filter>
    </ClCompile>
    <ClCompile Include="prac_6.12.cpp">
      <Filter>源文件</Filter>
    </ClCompile>
    <ClCompile Include="prac_6.13.cpp">
      <Filter>源文件</Filter>
    </ClCompile>
    <ClCompile Include="prac_6.14.cpp">
      <Filter>源文件</Filter>
    </ClCompile>
    <ClCompile Include="prac_6.15.cpp">
      <Filter>源文件</Filter>
    </ClCompile>
    <ClCompile Include="6.2.3_const.cpp">
      <Filter>源文件</Filter>
    </ClCompile>
    <ClCompile Include="prac_6.16.cpp">
      <Filter>源文件</Filter>
    </ClCompile>
    <ClCompile Include="prac_6.17.cpp">
      <Filter>源文件</Filter>
    </ClCompile>
    <ClCompile Include="prac_6.18.cpp">
      <Filter>源文件</Filter>
    </ClCompile>
    <ClCompile Include="prac_6.19.cpp">
      <Filter>源文件</Filter>
    </ClCompile>
    <ClCompile Include="prac_6.20.cpp">
      <Filter>源文件</Filter>
    </ClCompile>
    <ClCompile Include="6.2.4_array.cpp">
      <Filter>源文件</Filter>
    </ClCompile>
    <ClCompile Include="prac_6.21.cpp">
      <Filter>源文件</Filter>
    </ClCompile>
    <ClCompile Include="prac_6.22.cpp">
      <Filter>源文件</Filter>
    </ClCompile>
    <ClCompile Include="prac_6.23.cpp">
      <Filter>源文件</Filter>
    </ClCompile>
    <ClCompile Include="prac_6.24.cpp">
      <Filter>源文件</Filter>
    </ClCompile>
    <ClCompile Include="6.2.5_main.cpp">
      <Filter>源文件</Filter>
    </ClCompile>
    <ClCompile Include="6.2.6_initializer_list.cpp">
      <Filter>源文件</Filter>
    </ClCompile>
    <ClCompile Include="6.3_return.cpp">
      <Filter>源文件</Filter>
    </ClCompile>
    <ClCompile Include="prac_6.32.cpp">
      <Filter>源文件</Filter>
    </ClCompile>
    <ClCompile Include="prac_6.33.cpp">
      <Filter>源文件</Filter>
    </ClCompile>
    <ClCompile Include="prac_6.34.cpp">
      <Filter>源文件</Filter>
    </ClCompile>
    <ClCompile Include="6.3.3_returnPtr.cpp">
      <Filter>源文件</Filter>
    </ClCompile>
    <ClCompile Include="prac_6.36.cpp">
      <Filter>源文件</Filter>
    </ClCompile>
    <ClCompile Include="prac_6.38.cpp">
      <Filter>源文件</Filter>
    </ClCompile>
    <ClCompile Include="6.4_overloaded.cpp">
      <Filter>源文件</Filter>
    </ClCompile>
    <ClCompile Include="prac_6.39.cpp">
      <Filter>源文件</Filter>
    </ClCompile>
    <ClCompile Include="6.4.1_overload_scope.cpp">
      <Filter>源文件</Filter>
    </ClCompile>
    <ClCompile Include="6.5.1_default_argument.cpp">
      <Filter>源文件</Filter>
    </ClCompile>
    <ClCompile Include="prac_6.40.cpp">
      <Filter>源文件</Filter>
    </ClCompile>
    <ClCompile Include="prac_6.41.cpp">
      <Filter>源文件</Filter>
    </ClCompile>
    <ClCompile Include="prac_6.42.cpp">
      <Filter>源文件</Filter>
    </ClCompile>
    <ClCompile Include="6.5.2_inline_constexpr.cpp">
      <Filter>源文件</Filter>
    </ClCompile>
    <ClCompile Include="prac_6.44.cpp">
      <Filter>源文件</Filter>
    </ClCompile>
    <ClCompile Include="prac_6.46.cpp">
      <Filter>源文件</Filter>
    </ClCompile>
    <ClCompile Include="6.5.3_assert_NDEBUG.cpp">
      <Filter>源文件</Filter>
    </ClCompile>
    <ClCompile Include="prac_6.47.cpp">
      <Filter>源文件</Filter>
    </ClCompile>
    <ClCompile Include="prac_6.48.cpp">
      <Filter>源文件</Filter>
    </ClCompile>
    <ClCompile Include="prac_6.49.cpp">
      <Filter>源文件</Filter>
    </ClCompile>
    <ClCompile Include="6.6.1_conversion.cpp">
      <Filter>源文件</Filter>
    </ClCompile>
    <ClCompile Include="prac_6.52.cpp">
      <Filter>源文件</Filter>
    </ClCompile>
    <ClCompile Include="prac_6.53.cpp">
      <Filter>源文件</Filter>
    </ClCompile>
    <ClCompile Include="6.7_funcPtr.cpp">
      <Filter>源文件</Filter>
    </ClCompile>
    <ClCompile Include="prac_6.54.cpp">
      <Filter>源文件</Filter>
    </ClCompile>
    <ClCompile Include="prac_6.55.cpp">
      <Filter>源文件</Filter>
    </ClCompile>
  </ItemGroup>
  <ItemGroup>
    <ClInclude Include="Chapter6.h">
      <Filter>头文件</Filter>
    </ClInclude>
  </ItemGroup>
</Project>